
Microsoft Visual Studio Solution File, Format Version 12.00
# Visual Studio 14
VisualStudioVersion = 14.0.25420.1
MinimumVisualStudioVersion = 10.0.40219.1
Project("{FAE04EC0-301F-11D3-BF4B-00C04F79EFBC}") = "POS.Data", "POS.Data\POS.Data.csproj", "{7EFACFC0-6FCD-46D3-98DA-3A32DD9595BE}"
EndProject
Project("{FAE04EC0-301F-11D3-BF4B-00C04F79EFBC}") = "POS.Data.Service", "POS.Data.Service\POS.Data.Service.csproj", "{F255E5CF-5F75-4FDC-8D67-0BA0066C5E50}"
EndProject
Project("{FAE04EC0-301F-11D3-BF4B-00C04F79EFBC}") = "POS.Client", "POS.Client\POS.Client.csproj", "{0D139E26-A59D-4502-821B-26666932DC01}"
	ProjectSection(ProjectDependencies) = postProject
		{F255E5CF-5F75-4FDC-8D67-0BA0066C5E50} = {F255E5CF-5F75-4FDC-8D67-0BA0066C5E50}
	EndProjectSection
EndProject
Project("{FAE04EC0-301F-11D3-BF4B-00C04F79EFBC}") = "IT", "..\..\IT\src\IT.csproj", "{9E7EE2B9-450D-4E1E-BF58-EC372CBE44C4}"
EndProject
Global
	GlobalSection(SolutionConfigurationPlatforms) = preSolution
		Debug|Any CPU = Debug|Any CPU
		Debug|Mixed Platforms = Debug|Mixed Platforms
		Debug|x86 = Debug|x86
		Release|Any CPU = Release|Any CPU
		Release|Mixed Platforms = Release|Mixed Platforms
		Release|x86 = Release|x86
	EndGlobalSection
	GlobalSection(ProjectConfigurationPlatforms) = postSolution
		{7EFACFC0-6FCD-46D3-98DA-3A32DD9595BE}.Debug|Any CPU.ActiveCfg = Debug|Any CPU
		{7EFACFC0-6FCD-46D3-98DA-3A32DD9595BE}.Debug|Any CPU.Build.0 = Debug|Any CPU
		{7EFACFC0-6FCD-46D3-98DA-3A32DD9595BE}.Debug|Mixed Platforms.ActiveCfg = Debug|Any CPU
		{7EFACFC0-6FCD-46D3-98DA-3A32DD9595BE}.Debug|Mixed Platforms.Build.0 = Debug|Any CPU
		{7EFACFC0-6FCD-46D3-98DA-3A32DD9595BE}.Debug|x86.ActiveCfg = Debug|Any CPU
		{7EFACFC0-6FCD-46D3-98DA-3A32DD9595BE}.Release|Any CPU.ActiveCfg = Release|Any CPU
		{7EFACFC0-6FCD-46D3-98DA-3A32DD9595BE}.Release|Any CPU.Build.0 = Release|Any CPU
		{7EFACFC0-6FCD-46D3-98DA-3A32DD9595BE}.Release|Mixed Platforms.ActiveCfg = Release|Any CPU
		{7EFACFC0-6FCD-46D3-98DA-3A32DD9595BE}.Release|Mixed Platforms.Build.0 = Release|Any CPU
		{7EFACFC0-6FCD-46D3-98DA-3A32DD9595BE}.Release|x86.ActiveCfg = Release|Any CPU
		{F255E5CF-5F75-4FDC-8D67-0BA0066C5E50}.Debug|Any CPU.ActiveCfg = Debug|Any CPU
		{F255E5CF-5F75-4FDC-8D67-0BA0066C5E50}.Debug|Any CPU.Build.0 = Debug|Any CPU
		{F255E5CF-5F75-4FDC-8D67-0BA0066C5E50}.Debug|Mixed Platforms.ActiveCfg = Debug|Any CPU
		{F255E5CF-5F75-4FDC-8D67-0BA0066C5E50}.Debug|Mixed Platforms.Build.0 = Debug|Any CPU
		{F255E5CF-5F75-4FDC-8D67-0BA0066C5E50}.Debug|x86.ActiveCfg = Debug|Any CPU
		{F255E5CF-5F75-4FDC-8D67-0BA0066C5E50}.Release|Any CPU.ActiveCfg = Release|Any CPU
		{F255E5CF-5F75-4FDC-8D67-0BA0066C5E50}.Release|Any CPU.Build.0 = Release|Any CPU
		{F255E5CF-5F75-4FDC-8D67-0BA0066C5E50}.Release|Mixed Platforms.ActiveCfg = Release|Any CPU
		{F255E5CF-5F75-4FDC-8D67-0BA0066C5E50}.Release|Mixed Platforms.Build.0 = Release|Any CPU
		{F255E5CF-5F75-4FDC-8D67-0BA0066C5E50}.Release|x86.ActiveCfg = Release|Any CPU
		{0D139E26-A59D-4502-821B-26666932DC01}.Debug|Any CPU.ActiveCfg = Debug|x86
		{0D139E26-A59D-4502-821B-26666932DC01}.Debug|Mixed Platforms.ActiveCfg = Debug|x86
		{0D139E26-A59D-4502-821B-26666932DC01}.Debug|Mixed Platforms.Build.0 = Debug|x86
		{0D139E26-A59D-4502-821B-26666932DC01}.Debug|x86.ActiveCfg = Debug|x86
		{0D139E26-A59D-4502-821B-26666932DC01}.Debug|x86.Build.0 = Debug|x86
		{0D139E26-A59D-4502-821B-26666932DC01}.Release|Any CPU.ActiveCfg = Release|x86
		{0D139E26-A59D-4502-821B-26666932DC01}.Release|Mixed Platforms.ActiveCfg = Release|x86
		{0D139E26-A59D-4502-821B-26666932DC01}.Release|Mixed Platforms.Build.0 = Release|x86
		{0D139E26-A59D-4502-821B-26666932DC01}.Release|x86.ActiveCfg = Release|x86
		{0D139E26-A59D-4502-821B-26666932DC01}.Release|x86.Build.0 = Release|x86
		{9E7EE2B9-450D-4E1E-BF58-EC372CBE44C4}.Debug|Any CPU.ActiveCfg = Debug|Any CPU
		{9E7EE2B9-450D-4E1E-BF58-EC372CBE44C4}.Debug|Any CPU.Build.0 = Debug|Any CPU
		{9E7EE2B9-450D-4E1E-BF58-EC372CBE44C4}.Debug|Mixed Platforms.ActiveCfg = Debug|x86
		{9E7EE2B9-450D-4E1E-BF58-EC372CBE44C4}.Debug|Mixed Platforms.Build.0 = Debug|x86
		{9E7EE2B9-450D-4E1E-BF58-EC372CBE44C4}.Debug|x86.ActiveCfg = Debug|x86
		{9E7EE2B9-450D-4E1E-BF58-EC372CBE44C4}.Debug|x86.Build.0 = Debug|x86
		{9E7EE2B9-450D-4E1E-BF58-EC372CBE44C4}.Release|Any CPU.ActiveCfg = Release|Any CPU
		{9E7EE2B9-450D-4E1E-BF58-EC372CBE44C4}.Release|Any CPU.Build.0 = Release|Any CPU
		{9E7EE2B9-450D-4E1E-BF58-EC372CBE44C4}.Release|Mixed Platforms.ActiveCfg = Release|x86
		{9E7EE2B9-450D-4E1E-BF58-EC372CBE44C4}.Release|Mixed Platforms.Build.0 = Release|x86
		{9E7EE2B9-450D-4E1E-BF58-EC372CBE44C4}.Release|x86.ActiveCfg = Release|x86
		{9E7EE2B9-450D-4E1E-BF58-EC372CBE44C4}.Release|x86.Build.0 = Release|x86
	EndGlobalSection
	GlobalSection(SolutionProperties) = preSolution
		HideSolutionNode = FALSE
	EndGlobalSection
EndGlobal
